// !$*UTF8*$!
{
	archiveVersion = 1;
	classes = {
	};
	objectVersion = 77;
	objects = {

/* Begin PBXBuildFile section */
		AAAAAAAAAAAAAAAAAAAAAA04 /* ArgumentParser in Frameworks */ = {isa = PBXBuildFile; productRef = AAAAAAAAAAAAAAAAAAAAAA02 /* ArgumentParser */; };
		AAAAAAAAAAAAAAAAAAAAAA05 /* ValistreamCore in Frameworks */ = {isa = PBXBuildFile; productRef = AAAAAAAAAAAAAAAAAAAAAA03 /* ValistreamCore */; };
		F12CD5372FDD639D00CD1BC7 /* Rainbow in Frameworks */ = {isa = PBXBuildFile; productRef = F12CD5362FDD639D00CD1BC7 /* Rainbow */; };
		F12EB69F2FDDCEEE00884206 /* Promptberry in Frameworks */ = {isa = PBXBuildFile; productRef = F12EB69E2FDDCEEE00884206 /* Promptberry */; };
		F15A62642FDC628C00460679 /* ValistreamCore in Frameworks */ = {isa = PBXBuildFile; productRef = F15A62632FDC628C00460679 /* ValistreamCore */; };
		F15A62722FDC647A00460679 /* ValistreamCore in Frameworks */ = {isa = PBXBuildFile; productRef = F15A62712FDC647A00460679 /* ValistreamCore */; };
/* End PBXBuildFile section */

/* Begin PBXCopyFilesBuildPhase section */
		F15A62472FDC4E6300460679 /* CopyFiles */ = {
			isa = PBXCopyFilesBuildPhase;
			buildActionMask = 2147483647;
			dstPath = /usr/share/man/man1/;
			dstSubfolderSpec = 0;
			files = (
			);
			runOnlyForDeploymentPostprocessing = 1;
		};
/* End PBXCopyFilesBuildPhase section */

/* Begin PBXFileReference section */
		F15A62492FDC4E6300460679 /* valistream */ = {isa = PBXFileReference; explicitFileType = "compiled.mach-o.executable"; includeInIndex = 0; path = valistream; sourceTree = BUILT_PRODUCTS_DIR; };
		F15A62692FDC645F00460679 /* ValistreamIntegrationTests.xctest */ = {isa = PBXFileReference; explicitFileType = wrapper.cfbundle; includeInIndex = 0; path = ValistreamIntegrationTests.xctest; sourceTree = BUILT_PRODUCTS_DIR; };
/* End PBXFileReference section */

/* Begin PBXFileSystemSynchronizedRootGroup section */
		F15A624B2FDC4E6300460679 /* Valistream */ = {
			isa = PBXFileSystemSynchronizedRootGroup;
			path = Valistream;
			sourceTree = "<group>";
		};
		F15A626A2FDC645F00460679 /* ValistreamIntegrationTests */ = {
			isa = PBXFileSystemSynchronizedRootGroup;
			path = ValistreamIntegrationTests;
			sourceTree = "<group>";
		};
/* End PBXFileSystemSynchronizedRootGroup section */

/* Begin PBXFrameworksBuildPhase section */
		F15A62462FDC4E6300460679 /* Frameworks */ = {
			isa = PBXFrameworksBuildPhase;
			buildActionMask = 2147483647;
			files = (
				F15A62642FDC628C00460679 /* ValistreamCore in Frameworks */,
				F12CD5372FDD639D00CD1BC7 /* Rainbow in Frameworks */,
				AAAAAAAAAAAAAAAAAAAAAA04 /* ArgumentParser in Frameworks */,
				F12EB69F2FDDCEEE00884206 /* Promptberry in Frameworks */,
				AAAAAAAAAAAAAAAAAAAAAA05 /* ValistreamCore in Frameworks */,
			);
			runOnlyForDeploymentPostprocessing = 0;
		};
		F15A62662FDC645F00460679 /* Frameworks */ = {
			isa = PBXFrameworksBuildPhase;
			buildActionMask = 2147483647;
			files = (
				F15A62722FDC647A00460679 /* ValistreamCore in Frameworks */,
			);
			runOnlyForDeploymentPostprocessing = 0;
		};
/* End PBXFrameworksBuildPhase section */

/* Begin PBXGroup section */
		F15A62402FDC4E6300460679 = {
			isa = PBXGroup;
			children = (
				F15A624B2FDC4E6300460679 /* Valistream */,
				F15A626A2FDC645F00460679 /* ValistreamIntegrationTests */,
				F15A62702FDC647A00460679 /* Frameworks */,
				F15A624A2FDC4E6300460679 /* Products */,
			);
			sourceTree = "<group>";
		};
		F15A624A2FDC4E6300460679 /* Products */ = {
			isa = PBXGroup;
			children = (
				F15A62492FDC4E6300460679 /* valistream */,
				F15A62692FDC645F00460679 /* ValistreamIntegrationTests.xctest */,
			);
			name = Products;
			sourceTree = "<group>";
		};
		F15A62702FDC647A00460679 /* Frameworks */ = {
			isa = PBXGroup;
			children = (
			);
			name = Frameworks;
			sourceTree = "<group>";
		};
/* End PBXGroup section */

/* Begin PBXNativeTarget section */
		F15A62482FDC4E6300460679 /* Valistream */ = {
			isa = PBXNativeTarget;
			buildConfigurationList = F15A62502FDC4E6300460679 /* Build configuration list for PBXNativeTarget "Valistream" */;
			buildPhases = (
				F15A62452FDC4E6300460679 /* Sources */,
				F15A62462FDC4E6300460679 /* Frameworks */,
				F15A62472FDC4E6300460679 /* CopyFiles */,
			);
			buildRules = (
			);
			dependencies = (
			);
			fileSystemSynchronizedGroups = (
				F15A624B2FDC4E6300460679 /* Valistream */,
			);
			name = Valistream;
			packageProductDependencies = (
				AAAAAAAAAAAAAAAAAAAAAA02 /* ArgumentParser */,
				AAAAAAAAAAAAAAAAAAAAAA03 /* ValistreamCore */,
				F15A62632FDC628C00460679 /* ValistreamCore */,
				F12CD5362FDD639D00CD1BC7 /* Rainbow */,
				F12EB69E2FDDCEEE00884206 /* Promptberry */,
			);
			productName = Valistream;
			productReference = F15A62492FDC4E6300460679 /* valistream */;
			productType = "com.apple.product-type.tool";
		};
		F15A62682FDC645F00460679 /* ValistreamIntegrationTests */ = {
			isa = PBXNativeTarget;
			buildConfigurationList = F15A626D2FDC645F00460679 /* Build configuration list for PBXNativeTarget "ValistreamIntegrationTests" */;
			buildPhases = (
				F15A62652FDC645F00460679 /* Sources */,
				F15A62662FDC645F00460679 /* Frameworks */,
				F15A62672FDC645F00460679 /* Resources */,
			);
			buildRules = (
			);
			dependencies = (
			);
			fileSystemSynchronizedGroups = (
				F15A626A2FDC645F00460679 /* ValistreamIntegrationTests */,
			);
			name = ValistreamIntegrationTests;
			packageProductDependencies = (
				F15A62712FDC647A00460679 /* ValistreamCore */,
			);
			productName = ValistreamIntegrationTests;
			productReference = F15A62692FDC645F00460679 /* ValistreamIntegrationTests.xctest */;
			productType = "com.apple.product-type.bundle.unit-test";
		};
/* End PBXNativeTarget section */

/* Begin PBXProject section */
		F15A62412FDC4E6300460679 /* Project object */ = {
			isa = PBXProject;
			attributes = {
				BuildIndependentTargetsInParallel = 1;
				LastSwiftUpdateCheck = 2650;
				LastUpgradeCheck = 2650;
				TargetAttributes = {
					F15A62482FDC4E6300460679 = {
						CreatedOnToolsVersion = 26.5;
					};
					F15A62682FDC645F00460679 = {
						CreatedOnToolsVersion = 26.5;
					};
				};
			};
			buildConfigurationList = F15A62442FDC4E6300460679 /* Build configuration list for PBXProject "Valistream" */;
			developmentRegion = en;
			hasScannedForEncodings = 0;
			knownRegions = (
				en,
				Base,
			);
			mainGroup = F15A62402FDC4E6300460679;
			minimizedProjectReferenceProxies = 1;
			packageReferences = (
				AAAAAAAAAAAAAAAAAAAAAA01 /* XCRemoteSwiftPackageReference "swift-argument-parser" */,
				F15A62622FDC628C00460679 /* XCLocalSwiftPackageReference "../ValistreamCore" */,
				F12CD5352FDD639D00CD1BC7 /* XCRemoteSwiftPackageReference "Rainbow" */,
				F12EB69D2FDDCEEE00884206 /* XCRemoteSwiftPackageReference "Promptberry" */,
			);
			preferredProjectObjectVersion = 77;
			productRefGroup = F15A624A2FDC4E6300460679 /* Products */;
			projectDirPath = "";
			projectRoot = "";
			targets = (
				F15A62482FDC4E6300460679 /* Valistream */,
				F15A62682FDC645F00460679 /* ValistreamIntegrationTests */,
			);
		};
/* End PBXProject section */

/* Begin PBXResourcesBuildPhase section */
		F15A62672FDC645F00460679 /* Resources */ = {
			isa = PBXResourcesBuildPhase;
			buildActionMask = 2147483647;
			files = (
			);
			runOnlyForDeploymentPostprocessing = 0;
		};
/* End PBXResourcesBuildPhase section */

/* Begin PBXSourcesBuildPhase section */
		F15A62452FDC4E6300460679 /* Sources */ = {
			isa = PBXSourcesBuildPhase;
			buildActionMask = 2147483647;
			files = (
			);
			runOnlyForDeploymentPostprocessing = 0;
		};
		F15A62652FDC645F00460679 /* Sources */ = {
			isa = PBXSourcesBuildPhase;
			buildActionMask = 2147483647;
			files = (
			);
			runOnlyForDeploymentPostprocessing = 0;
		};
/* End PBXSourcesBuildPhase section */

/* Begin XCBuildConfiguration section */
		F15A624E2FDC4E6300460679 /* Debug */ = {
			isa = XCBuildConfiguration;
			buildSettings = {
				ALWAYS_SEARCH_USER_PATHS = NO;
				ASSETCATALOG_COMPILER_GENERATE_SWIFT_ASSET_SYMBOL_EXTENSIONS = YES;
				CLANG_ANALYZER_NONNULL = YES;
				CLANG_ANALYZER_NUMBER_OBJECT_CONVERSION = YES_AGGRESSIVE;
				CLANG_CXX_LANGUAGE_STANDARD = "gnu++20";
				CLANG_ENABLE_MODULES = YES;
				CLANG_ENABLE_OBJC_ARC = YES;
				CLANG_ENABLE_OBJC_WEAK = YES;
				CLANG_WARN_BLOCK_CAPTURE_AUTORELEASING = YES;
				CLANG_WARN_BOOL_CONVERSION = YES;
				CLANG_WARN_COMMA = YES;
				CLANG_WARN_CONSTANT_CONVERSION = YES;
				CLANG_WARN_DEPRECATED_OBJC_IMPLEMENTATIONS = YES;
				CLANG_WARN_DIRECT_OBJC_ISA_USAGE = YES_ERROR;
				CLANG_WARN_DOCUMENTATION_COMMENTS = YES;
				CLANG_WARN_EMPTY_BODY = YES;
				CLANG_WARN_ENUM_CONVERSION = YES;
				CLANG_WARN_INFINITE_RECURSION = YES;
				CLANG_WARN_INT_CONVERSION = YES;
				CLANG_WARN_NON_LITERAL_NULL_CONVERSION = YES;
				CLANG_WARN_OBJC_IMPLICIT_RETAIN_SELF = YES;
				CLANG_WARN_OBJC_LITERAL_CONVERSION = YES;
				CLANG_WARN_OBJC_ROOT_CLASS = YES_ERROR;
				CLANG_WARN_QUOTED_INCLUDE_IN_FRAMEWORK_HEADER = YES;
				CLANG_WARN_RANGE_LOOP_ANALYSIS = YES;
				CLANG_WARN_STRICT_PROTOTYPES = YES;
				CLANG_WARN_SUSPICIOUS_MOVE = YES;
				CLANG_WARN_UNGUARDED_AVAILABILITY = YES_AGGRESSIVE;
				CLANG_WARN_UNREACHABLE_CODE = YES;
				CLANG_WARN__DUPLICATE_METHOD_MATCH = YES;
				COPY_PHASE_STRIP = NO;
				DEBUG_INFORMATION_FORMAT = dwarf;
				DEVELOPMENT_TEAM = U39BTEC455;
				ENABLE_STRICT_OBJC_MSGSEND = YES;
				ENABLE_TESTABILITY = YES;
				ENABLE_USER_SCRIPT_SANDBOXING = YES;
				GCC_C_LANGUAGE_STANDARD = gnu17;
				GCC_DYNAMIC_NO_PIC = NO;
				GCC_NO_COMMON_BLOCKS = YES;
				GCC_OPTIMIZATION_LEVEL = 0;
				GCC_PREPROCESSOR_DEFINITIONS = (
					"DEBUG=1",
					"$(inherited)",
				);
				GCC_WARN_64_TO_32_BIT_CONVERSION = YES;
				GCC_WARN_ABOUT_RETURN_TYPE = YES_ERROR;
				GCC_WARN_UNDECLARED_SELECTOR = YES;
				GCC_WARN_UNINITIALIZED_AUTOS = YES_AGGRESSIVE;
				GCC_WARN_UNUSED_FUNCTION = YES;
				GCC_WARN_UNUSED_VARIABLE = YES;
				LOCALIZATION_PREFERS_STRING_CATALOGS = YES;
				MACOSX_DEPLOYMENT_TARGET = 26.5;
				MTL_ENABLE_DEBUG_INFO = INCLUDE_SOURCE;
				MTL_FAST_MATH = YES;
				ONLY_ACTIVE_ARCH = YES;
				PRODUCT_NAME = valistream;
				SDKROOT = macosx;
				SWIFT_ACTIVE_COMPILATION_CONDITIONS = "DEBUG $(inherited)";
				SWIFT_OPTIMIZATION_LEVEL = "-Onone";
			};
			name = Debug;
		};
		F15A624F2FDC4E6300460679 /* Release */ = {
			isa = XCBuildConfiguration;
			buildSettings = {
				ALWAYS_SEARCH_USER_PATHS = NO;
				ASSETCATALOG_COMPILER_GENERATE_SWIFT_ASSET_SYMBOL_EXTENSIONS = YES;
				CLANG_ANALYZER_NONNULL = YES;
				CLANG_ANALYZER_NUMBER_OBJECT_CONVERSION = YES_AGGRESSIVE;
				CLANG_CXX_LANGUAGE_STANDARD = "gnu++20";
				CLANG_ENABLE_MODULES = YES;
				CLANG_ENABLE_OBJC_ARC = YES;
				CLANG_ENABLE_OBJC_WEAK = YES;
				CLANG_WARN_BLOCK_CAPTURE_AUTORELEASING = YES;
				CLANG_WARN_BOOL_CONVERSION = YES;
				CLANG_WARN_COMMA = YES;
				CLANG_WARN_CONSTANT_CONVERSION = YES;
				CLANG_WARN_DEPRECATED_OBJC_IMPLEMENTATIONS = YES;
				CLANG_WARN_DIRECT_OBJC_ISA_USAGE = YES_ERROR;
				CLANG_WARN_DOCUMENTATION_COMMENTS = YES;
				CLANG_WARN_EMPTY_BODY = YES;
				CLANG_WARN_ENUM_CONVERSION = YES;
				CLANG_WARN_INFINITE_RECURSION = YES;
				CLANG_WARN_INT_CONVERSION = YES;
				CLANG_WARN_NON_LITERAL_NULL_CONVERSION = YES;
				CLANG_WARN_OBJC_IMPLICIT_RETAIN_SELF = YES;
				CLANG_WARN_OBJC_LITERAL_CONVERSION = YES;
				CLANG_WARN_OBJC_ROOT_CLASS = YES_ERROR;
				CLANG_WARN_QUOTED_INCLUDE_IN_FRAMEWORK_HEADER = YES;
				CLANG_WARN_RANGE_LOOP_ANALYSIS = YES;
				CLANG_WARN_STRICT_PROTOTYPES = YES;
				CLANG_WARN_SUSPICIOUS_MOVE = YES;
				CLANG_WARN_UNGUARDED_AVAILABILITY = YES_AGGRESSIVE;
				CLANG_WARN_UNREACHABLE_CODE = YES;
				CLANG_WARN__DUPLICATE_METHOD_MATCH = YES;
				COPY_PHASE_STRIP = NO;
				DEBUG_INFORMATION_FORMAT = "dwarf-with-dsym";
				DEVELOPMENT_TEAM = U39BTEC455;
				ENABLE_NS_ASSERTIONS = NO;
				ENABLE_STRICT_OBJC_MSGSEND = YES;
				ENABLE_USER_SCRIPT_SANDBOXING = YES;
				GCC_C_LANGUAGE_STANDARD = gnu17;
				GCC_NO_COMMON_BLOCKS = YES;
				GCC_WARN_64_TO_32_BIT_CONVERSION = YES;
				GCC_WARN_ABOUT_RETURN_TYPE = YES_ERROR;
				GCC_WARN_UNDECLARED_SELECTOR = YES;
				GCC_WARN_UNINITIALIZED_AUTOS = YES_AGGRESSIVE;
				GCC_WARN_UNUSED_FUNCTION = YES;
				GCC_WARN_UNUSED_VARIABLE = YES;
				LOCALIZATION_PREFERS_STRING_CATALOGS = YES;
				MACOSX_DEPLOYMENT_TARGET = 26.5;
				MTL_ENABLE_DEBUG_INFO = NO;
				MTL_FAST_MATH = YES;
				PRODUCT_NAME = valistream;
				SDKROOT = macosx;
				SWIFT_COMPILATION_MODE = wholemodule;
			};
			name = Release;
		};
		F15A62512FDC4E6300460679 /* Debug */ = {
			isa = XCBuildConfiguration;
			buildSettings = {
				CODE_SIGN_STYLE = Automatic;
				DEVELOPMENT_TEAM = U39BTEC455;
				ENABLE_HARDENED_RUNTIME = YES;
				SWIFT_APPROACHABLE_CONCURRENCY = YES;
				SWIFT_UPCOMING_FEATURE_MEMBER_IMPORT_VISIBILITY = YES;
				SWIFT_VERSION = 6.0;
			};
			name = Debug;
		};
		F15A62522FDC4E6300460679 /* Release */ = {
			isa = XCBuildConfiguration;
			buildSettings = {
				CODE_SIGN_STYLE = Automatic;
				DEVELOPMENT_TEAM = U39BTEC455;
				ENABLE_HARDENED_RUNTIME = YES;
				SWIFT_APPROACHABLE_CONCURRENCY = YES;
				SWIFT_UPCOMING_FEATURE_MEMBER_IMPORT_VISIBILITY = YES;
				SWIFT_VERSION = 6.0;
			};
			name = Release;
		};
		F15A626E2FDC645F00460679 /* Debug */ = {
			isa = XCBuildConfiguration;
			buildSettings = {
				CODE_SIGN_STYLE = Automatic;
				CURRENT_PROJECT_VERSION = 1;
				DEVELOPMENT_TEAM = U39BTEC455;
				GENERATE_INFOPLIST_FILE = YES;
				MARKETING_VERSION = 1.0;
				PRODUCT_BUNDLE_IDENTIFIER = no.altibox.tools.ValistreamIntegrationTests;
				PRODUCT_NAME = "$(TARGET_NAME)";
				STRING_CATALOG_GENERATE_SYMBOLS = NO;
				SWIFT_APPROACHABLE_CONCURRENCY = YES;
				SWIFT_EMIT_LOC_STRINGS = NO;
				SWIFT_UPCOMING_FEATURE_MEMBER_IMPORT_VISIBILITY = YES;
				SWIFT_VERSION = 5.0;
			};
			name = Debug;
		};
		F15A626F2FDC645F00460679 /* Release */ = {
			isa = XCBuildConfiguration;
			buildSettings = {
				CODE_SIGN_STYLE = Automatic;
				CURRENT_PROJECT_VERSION = 1;
				DEVELOPMENT_TEAM = U39BTEC455;
				GENERATE_INFOPLIST_FILE = YES;
				MARKETING_VERSION = 1.0;
				PRODUCT_BUNDLE_IDENTIFIER = no.altibox.tools.ValistreamIntegrationTests;
				PRODUCT_NAME = "$(TARGET_NAME)";
				STRING_CATALOG_GENERATE_SYMBOLS = NO;
				SWIFT_APPROACHABLE_CONCURRENCY = YES;
				SWIFT_EMIT_LOC_STRINGS = NO;
				SWIFT_UPCOMING_FEATURE_MEMBER_IMPORT_VISIBILITY = YES;
				SWIFT_VERSION = 5.0;
			};
			name = Release;
		};
/* End XCBuildConfiguration section */

/* Begin XCConfigurationList section */
		F15A62442FDC4E6300460679 /* Build configuration list for PBXProject "Valistream" */ = {
			isa = XCConfigurationList;
			buildConfigurations = (
				F15A624E2FDC4E6300460679 /* Debug */,
				F15A624F2FDC4E6300460679 /* Release */,
			);
			defaultConfigurationIsVisible = 0;
			defaultConfigurationName = Release;
		};
		F15A62502FDC4E6300460679 /* Build configuration list for PBXNativeTarget "Valistream" */ = {
			isa = XCConfigurationList;
			buildConfigurations = (
				F15A62512FDC4E6300460679 /* Debug */,
				F15A62522FDC4E6300460679 /* Release */,
			);
			defaultConfigurationIsVisible = 0;
			defaultConfigurationName = Release;
		};
		F15A626D2FDC645F00460679 /* Build configuration list for PBXNativeTarget "ValistreamIntegrationTests" */ = {
			isa = XCConfigurationList;
			buildConfigurations = (
				F15A626E2FDC645F00460679 /* Debug */,
				F15A626F2FDC645F00460679 /* Release */,
			);
			defaultConfigurationIsVisible = 0;
			defaultConfigurationName = Release;
		};
/* End XCConfigurationList section */

/* Begin XCLocalSwiftPackageReference section */
		F15A62622FDC628C00460679 /* XCLocalSwiftPackageReference "../ValistreamCore" */ = {
			isa = XCLocalSwiftPackageReference;
			relativePath = ../ValistreamCore;
		};
/* End XCLocalSwiftPackageReference section */

/* Begin XCRemoteSwiftPackageReference section */
		AAAAAAAAAAAAAAAAAAAAAA01 /* XCRemoteSwiftPackageReference "swift-argument-parser" */ = {
			isa = XCRemoteSwiftPackageReference;
			repositoryURL = "https://github.com/apple/swift-argument-parser";
			requirement = {
				kind = upToNextMajorVersion;
				minimumVersion = 1.5.0;
			};
		};
		F12CD5352FDD639D00CD1BC7 /* XCRemoteSwiftPackageReference "Rainbow" */ = {
			isa = XCRemoteSwiftPackageReference;
			repositoryURL = "https://github.com/onevcat/Rainbow.git";
			requirement = {
				kind = upToNextMajorVersion;
				minimumVersion = 4.2.1;
			};
		};
		F12EB69D2FDDCEEE00884206 /* XCRemoteSwiftPackageReference "Promptberry" */ = {
			isa = XCRemoteSwiftPackageReference;
			repositoryURL = "https://github.com/onmyway133/Promptberry.git";
			requirement = {
				kind = upToNextMajorVersion;
				minimumVersion = 1.0.0;
			};
		};
/* End XCRemoteSwiftPackageReference section */

/* Begin XCSwiftPackageProductDependency section */
		AAAAAAAAAAAAAAAAAAAAAA02 /* ArgumentParser */ = {
			isa = XCSwiftPackageProductDependency;
			package = AAAAAAAAAAAAAAAAAAAAAA01 /* XCRemoteSwiftPackageReference "swift-argument-parser" */;
			productName = ArgumentParser;
		};
		AAAAAAAAAAAAAAAAAAAAAA03 /* ValistreamCore */ = {
			isa = XCSwiftPackageProductDependency;
			productName = ValistreamCore;
		};
		F12CD5362FDD639D00CD1BC7 /* Rainbow */ = {
			isa = XCSwiftPackageProductDependency;
			package = F12CD5352FDD639D00CD1BC7 /* XCRemoteSwiftPackageReference "Rainbow" */;
			productName = Rainbow;
		};
		F12EB69E2FDDCEEE00884206 /* Promptberry */ = {
			isa = XCSwiftPackageProductDependency;
			package = F12EB69D2FDDCEEE00884206 /* XCRemoteSwiftPackageReference "Promptberry" */;
			productName = Promptberry;
		};
		F15A62632FDC628C00460679 /* ValistreamCore */ = {
			isa = XCSwiftPackageProductDependency;
			productName = ValistreamCore;
		};
		F15A62712FDC647A00460679 /* ValistreamCore */ = {
			isa = XCSwiftPackageProductDependency;
			productName = ValistreamCore;
		};
/* End XCSwiftPackageProductDependency section */
	};
	rootObject = F15A62412FDC4E6300460679 /* Project object */;
}
