<?xml version="1.0" encoding="UTF-8"?>
<Scheme
   LastUpgradeVersion = "2650"
   version = "1.7">
   <BuildAction
      parallelizeBuildables = "YES"
      buildImplicitDependencies = "YES"
      buildArchitectures = "Automatic">
      <BuildActionEntries>
         <BuildActionEntry
            buildForTesting = "YES"
            buildForRunning = "YES"
            buildForProfiling = "YES"
            buildForArchiving = "YES"
            buildForAnalyzing = "YES">
            <BuildableReference
               BuildableIdentifier = "primary"
               BlueprintIdentifier = "F15A62482FDC4E6300460679"
               BuildableName = "valistream"
               BlueprintName = "Valistream"
               ReferencedContainer = "container:Valistream.xcodeproj">
            </BuildableReference>
         </BuildActionEntry>
      </BuildActionEntries>
   </BuildAction>
   <TestAction
      buildConfiguration = "Debug"
      selectedDebuggerIdentifier = "Xcode.DebuggerFoundation.Debugger.LLDB"
      selectedLauncherIdentifier = "Xcode.DebuggerFoundation.Launcher.LLDB"
      shouldUseLaunchSchemeArgsEnv = "YES">
      <TestPlans>
         <TestPlanReference
            reference = "container:../TestPlans/Valistream.xctestplan"
            default = "YES">
         </TestPlanReference>
      </TestPlans>
   </TestAction>
   <LaunchAction
      buildConfiguration = "Debug"
      selectedDebuggerIdentifier = "Xcode.DebuggerFoundation.Debugger.LLDB"
      selectedLauncherIdentifier = "Xcode.DebuggerFoundation.Launcher.LLDB"
      launchStyle = "0"
      useCustomWorkingDirectory = "NO"
      ignoresPersistentStateOnLaunch = "NO"
      debugDocumentVersioning = "YES"
      debugServiceExtension = "internal"
      allowLocationSimulation = "YES"
      viewDebuggingEnabled = "No"
      queueDebuggingEnableBacktraceRecording = "Yes">
      <BuildableProductRunnable
         runnableDebuggingMode = "0">
         <BuildableReference
            BuildableIdentifier = "primary"
            BlueprintIdentifier = "F15A62482FDC4E6300460679"
            BuildableName = "valistream"
            BlueprintName = "Valistream"
            ReferencedContainer = "container:Valistream.xcodeproj">
         </BuildableReference>
      </BuildableProductRunnable>
      <CommandLineArguments>
         <CommandLineArgument
            argument = "https://digitvottrrs.envision.services.altibox.net:443/PLTV/88888888/224/3221327146/3221327146.mpd/PolicyMode_Dash_To_HLS_DRM_4S.m3u8?rrsip=gmtvottrrs.envision.services.altibox.net:443,rrsip=digitvottrrs.envision.services.altibox.net:443,rrsip=gmtvottrrs.envision.services.altibox.net:443&amp;zoneoffset=0&amp;servicetype=1&amp;icpid=&amp;accountinfo=SFo2cGPs6avc9di1iN%2Bf33R%2Bg8NBgPMh8WL7wkctJyyXB4MCeciWWUiAhotzPafQB%2B9%2Fa2QOAKSc%2FP1Y027bTyDVZYi5Px6zov7mIfMl5OJnTSnwsGaVY5on2RS0iNyWNi0sAieBkeX0ieqGkycRrWo6wqvln1VYbC8NFG9HSPE%3D1747d943d698c20724f6e9d9db2493b1%3A20260612081901%3AUTC%2C1000960142%2C100.65.162.6%2C20260612081901%2C2003%2C1000960142%2C-1%2C0%2C1%2C%2C%2C2%2CIPTV_000124_NO%2C%2C%2C2%2C23336%2C0%2C31245%2CEE996579-2500-4C3C-82BC-1910C4A5ADC6%2C%2C%2C2%2C1%2C2064236904%2CEND&amp;GuardEncType=2"
            isEnabled = "YES">
         </CommandLineArgument>
      </CommandLineArguments>
   </LaunchAction>
   <ProfileAction
      buildConfiguration = "Release"
      shouldUseLaunchSchemeArgsEnv = "YES"
      savedToolIdentifier = ""
      useCustomWorkingDirectory = "NO"
      debugDocumentVersioning = "YES">
      <BuildableProductRunnable
         runnableDebuggingMode = "0">
         <BuildableReference
            BuildableIdentifier = "primary"
            BlueprintIdentifier = "F15A62482FDC4E6300460679"
            BuildableName = "valistream"
            BlueprintName = "Valistream"
            ReferencedContainer = "container:Valistream.xcodeproj">
         </BuildableReference>
      </BuildableProductRunnable>
   </ProfileAction>
   <AnalyzeAction
      buildConfiguration = "Debug">
   </AnalyzeAction>
   <ArchiveAction
      buildConfiguration = "Release"
      revealArchiveInOrganizer = "YES">
   </ArchiveAction>
</Scheme>
